{
  "name": "thumbnail",
  "version": "1.0.0",
  "lockfileVersion": 1,
  "requires": true,
  "dependencies": {
    "image-thumbnail": {
      "version": "1.0.4",
      "resolved": "https://registry.npmjs.org/image-thumbnail/-/image-thumbnail-1.0.4.tgz",
      "integrity": "sha512-rw2cisdQDJOGmh/+8JDyfHTgCP9KC0vxvTkNl6uOM84V7P8572HF/MoHA2+n6cpWxwX3tNRakjDj6WKqVbSb/w=="
    },
    "wx-server-sdk": {
      "version": "0.8.1",
      "resolved": "https://registry.npmjs.org/wx-server-sdk/-/wx-server-sdk-0.8.1.tgz",
      "integrity": "sha512-mE7O3E7GtRhqk1ukWw2+NiykaO5DaJYiMFCeHrwvekYTVL5Z2nFXnSrUx6nPg/vZ7LWWQbCgQlGOygBjj2+hkQ=="
    }
  }
}
